// !$*UTF8*$!
{
	archiveVersion = 1;
	classes = {
	};
	objectVersion = 56;
	objects = {

/* Begin PBXBuildFile section */
		8EFE7D912BE19B2C00628610 /* OrderTogetherApp.swift in Sources */ = {isa = PBXBuildFile; fileRef = 8EFE7D902BE19B2C00628610 /* OrderTogetherApp.swift */; };
		8EFE7D932BE19B2C00628610 /* ContentView.swift in Sources */ = {isa = PBXBuildFile; fileRef = 8EFE7D922BE19B2C00628610 /* ContentView.swift */; };
		8EFE7D952BE19B2E00628610 /* Assets.xcassets in Resources */ = {isa = PBXBuildFile; fileRef = 8EFE7D942BE19B2E00628610 /* Assets.xcassets */; };
		8EFE7D982BE19B2E00628610 /* Preview Assets.xcassets in Resources */ = {isa = PBXBuildFile; fileRef = 8EFE7D972BE19B2E00628610 /* Preview Assets.xcassets */; };
		8EFE7DA22BE19B2E00628610 /* OrderTogetherTests.swift in Sources */ = {isa = PBXBuildFile; fileRef = 8EFE7DA12BE19B2E00628610 /* OrderTogetherTests.swift */; };
		8EFE7DAC2BE19B2E00628610 /* OrderTogetherUITests.swift in Sources */ = {isa = PBXBuildFile; fileRef = 8EFE7DAB2BE19B2E00628610 /* OrderTogetherUITests.swift */; };
		8EFE7DAE2BE19B2E00628610 /* OrderTogetherUITestsLaunchTests.swift in Sources */ = {isa = PBXBuildFile; fileRef = 8EFE7DAD2BE19B2E00628610 /* OrderTogetherUITestsLaunchTests.swift */; };
/* End PBXBuildFile section */

/* Begin PBXContainerItemProxy section */
		8EFE7D9E2BE19B2E00628610 /* PBXContainerItemProxy */ = {
			isa = PBXContainerItemProxy;
			containerPortal = 8EFE7D852BE19B2B00628610 /* Project object */;
			proxyType = 1;
			remoteGlobalIDString = 8EFE7D8C2BE19B2C00628610;
			remoteInfo = OrderTogether;
		};
		8EFE7DA82BE19B2E00628610 /* PBXContainerItemProxy */ = {
			isa = PBXContainerItemProxy;
			containerPortal = 8EFE7D852BE19B2B00628610 /* Project object */;
			proxyType = 1;
			remoteGlobalIDString = 8EFE7D8C2BE19B2C00628610;
			remoteInfo = OrderTogether;
		};
/* End PBXContainerItemProxy section */

/* Begin PBXFileReference section */
		8EFE7D8D2BE19B2C00628610 /* OrderTogether.app */ = {isa = PBXFileReference; explicitFileType = wrapper.application; includeInIndex = 0; path = OrderTogether.app; sourceTree = BUILT_PRODUCTS_DIR; };
		8EFE7D902BE19B2C00628610 /* OrderTogetherApp.swift */ = {isa = PBXFileReference; lastKnownFileType = sourcecode.swift; path = OrderTogetherApp.swift; sourceTree = "<group>"; };
		8EFE7D922BE19B2C00628610 /* ContentView.swift */ = {isa = PBXFileReference; lastKnownFileType = sourcecode.swift; path = ContentView.swift; sourceTree = "<group>"; };
		8EFE7D942BE19B2E00628610 /* Assets.xcassets */ = {isa = PBXFileReference; lastKnownFileType = folder.assetcatalog; path = Assets.xcassets; sourceTree = "<group>"; };
		8EFE7D972BE19B2E00628610 /* Preview Assets.xcassets */ = {isa = PBXFileReference; lastKnownFileType = folder.assetcatalog; path = "Preview Assets.xcassets"; sourceTree = "<group>"; };
		8EFE7D9D2BE19B2E00628610 /* OrderTogetherTests.xctest */ = {isa = PBXFileReference; explicitFileType = wrapper.cfbundle; includeInIndex = 0; path = OrderTogetherTests.xctest; sourceTree = BUILT_PRODUCTS_DIR; };
		8EFE7DA12BE19B2E00628610 /* OrderTogetherTests.swift */ = {isa = PBXFileReference; lastKnownFileType = sourcecode.swift; path = OrderTogetherTests.swift; sourceTree = "<group>"; };
		8EFE7DA72BE19B2E00628610 /* OrderTogetherUITests.xctest */ = {isa = PBXFileReference; explicitFileType = wrapper.cfbundle; includeInIndex = 0; path = OrderTogetherUITests.xctest; sourceTree = BUILT_PRODUCTS_DIR; };
		8EFE7DAB2BE19B2E00628610 /* OrderTogetherUITests.swift */ = {isa = PBXFileReference; lastKnownFileType = sourcecode.swift; path = OrderTogetherUITests.swift; sourceTree = "<group>"; };
		8EFE7DAD2BE19B2E00628610 /* OrderTogetherUITestsLaunchTests.swift */ = {isa = PBXFileReference; lastKnownFileType = sourcecode.swift; path = OrderTogetherUITestsLaunchTests.swift; sourceTree = "<group>"; };
/* End PBXFileReference section */

/* Begin PBXFrameworksBuildPhase section */
		8EFE7D8A2BE19B2C00628610 /* Frameworks */ = {
			isa = PBXFrameworksBuildPhase;
			buildActionMask = 2147483647;
			files = (
			);
			runOnlyForDeploymentPostprocessing = 0;
		};
		8EFE7D9A2BE19B2E00628610 /* Frameworks */ = {
			isa = PBXFrameworksBuildPhase;
			buildActionMask = 2147483647;
			files = (
			);
			runOnlyForDeploymentPostprocessing = 0;
		};
		8EFE7DA42BE19B2E00628610 /* Frameworks */ = {
			isa = PBXFrameworksBuildPhase;
			buildActionMask = 2147483647;
			files = (
			);
			runOnlyForDeploymentPostprocessing = 0;
		};
/* End PBXFrameworksBuildPhase section */

/* Begin PBXGroup section */
		8EFE7D842BE19B2B00628610 = {
			isa = PBXGroup;
			children = (
				8EFE7D8F2BE19B2C00628610 /* OrderTogether */,
				8EFE7DA02BE19B2E00628610 /* OrderTogetherTests */,
				8EFE7DAA2BE19B2E00628610 /* OrderTogetherUITests */,
				8EFE7D8E2BE19B2C00628610 /* Products */,
			);
			sourceTree = "<group>";
		};
		8EFE7D8E2BE19B2C00628610 /* Products */ = {
			isa = PBXGroup;
			children = (
				8EFE7D8D2BE19B2C00628610 /* OrderTogether.app */,
				8EFE7D9D2BE19B2E00628610 /* OrderTogetherTests.xctest */,
				8EFE7DA72BE19B2E00628610 /* OrderTogetherUITests.xctest */,
			);
			name = Products;
			sourceTree = "<group>";
		};
		8EFE7D8F2BE19B2C00628610 /* OrderTogether */ = {
			isa = PBXGroup;
			children = (
				8EFE7D902BE19B2C00628610 /* OrderTogetherApp.swift */,
				8EFE7D922BE19B2C00628610 /* ContentView.swift */,
				8EFE7D942BE19B2E00628610 /* Assets.xcassets */,
				8EFE7D962BE19B2E00628610 /* Preview Content */,
			);
			path = OrderTogether;
			sourceTree = "<group>";
		};
		8EFE7D962BE19B2E00628610 /* Preview Content */ = {
			isa = PBXGroup;
			children = (
				8EFE7D972BE19B2E00628610 /* Preview Assets.xcassets */,
			);
			path = "Preview Content";
			sourceTree = "<group>";
		};
		8EFE7DA02BE19B2E00628610 /* OrderTogetherTests */ = {
			isa = PBXGroup;
			children = (
				8EFE7DA12BE19B2E00628610 /* OrderTogetherTests.swift */,
			);
			path = OrderTogetherTests;
			sourceTree = "<group>";
		};
		8EFE7DAA2BE19B2E00628610 /* OrderTogetherUITests */ = {
			isa = PBXGroup;
			children = (
				8EFE7DAB2BE19B2E00628610 /* OrderTogetherUITests.swift */,
				8EFE7DAD2BE19B2E00628610 /* OrderTogetherUITestsLaunchTests.swift */,
			);
			path = OrderTogetherUITests;
			sourceTree = "<group>";
		};
/* End PBXGroup section */

/* Begin PBXNativeTarget section */
		8EFE7D8C2BE19B2C00628610 /* OrderTogether */ = {
			isa = PBXNativeTarget;
			buildConfigurationList = 8EFE7DB12BE19B2E00628610 /* Build configuration list for PBXNativeTarget "OrderTogether" */;
			buildPhases = (
				8EFE7D892BE19B2C00628610 /* Sources */,
				8EFE7D8A2BE19B2C00628610 /* Frameworks */,
				8EFE7D8B2BE19B2C00628610 /* Resources */,
			);
			buildRules = (
			);
			dependencies = (
			);
			name = OrderTogether;
			productName = OrderTogether;
			productReference = 8EFE7D8D2BE19B2C00628610 /* OrderTogether.app */;
			productType = "com.apple.product-type.application";
		};
		8EFE7D9C2BE19B2E00628610 /* OrderTogetherTests */ = {
			isa = PBXNativeTarget;
			buildConfigurationList = 8EFE7DB42BE19B2E00628610 /* Build configuration list for PBXNativeTarget "OrderTogetherTests" */;
			buildPhases = (
				8EFE7D992BE19B2E00628610 /* Sources */,
				8EFE7D9A2BE19B2E00628610 /* Frameworks */,
				8EFE7D9B2BE19B2E00628610 /* Resources */,
			);
			buildRules = (
			);
			dependencies = (
				8EFE7D9F2BE19B2E00628610 /* PBXTargetDependency */,
			);
			name = OrderTogetherTests;
			productName = OrderTogetherTests;
			productReference = 8EFE7D9D2BE19B2E00628610 /* OrderTogetherTests.xctest */;
			productType = "com.apple.product-type.bundle.unit-test";
		};
		8EFE7DA62BE19B2E00628610 /* OrderTogetherUITests */ = {
			isa = PBXNativeTarget;
			buildConfigurationList = 8EFE7DB72BE19B2E00628610 /* Build configuration list for PBXNativeTarget "OrderTogetherUITests" */;
			buildPhases = (
				8EFE7DA32BE19B2E00628610 /* Sources */,
				8EFE7DA42BE19B2E00628610 /* Frameworks */,
				8EFE7DA52BE19B2E00628610 /* Resources */,
			);
			buildRules = (
			);
			dependencies = (
				8EFE7DA92BE19B2E00628610 /* PBXTargetDependency */,
			);
			name = OrderTogetherUITests;
			productName = OrderTogetherUITests;
			productReference = 8EFE7DA72BE19B2E00628610 /* OrderTogetherUITests.xctest */;
			productType = "com.apple.product-type.bundle.ui-testing";
		};
/* End PBXNativeTarget section */

/* Begin PBXProject section */
		8EFE7D852BE19B2B00628610 /* Project object */ = {
			isa = PBXProject;
			attributes = {
				BuildIndependentTargetsInParallel = 1;
				LastSwiftUpdateCheck = 1520;
				LastUpgradeCheck = 1520;
				TargetAttributes = {
					8EFE7D8C2BE19B2C00628610 = {
						CreatedOnToolsVersion = 15.2;
					};
					8EFE7D9C2BE19B2E00628610 = {
						CreatedOnToolsVersion = 15.2;
						TestTargetID = 8EFE7D8C2BE19B2C00628610;
					};
					8EFE7DA62BE19B2E00628610 = {
						CreatedOnToolsVersion = 15.2;
						TestTargetID = 8EFE7D8C2BE19B2C00628610;
					};
				};
			};
			buildConfigurationList = 8EFE7D882BE19B2B00628610 /* Build configuration list for PBXProject "OrderTogether" */;
			compatibilityVersion = "Xcode 14.0";
			developmentRegion = en;
			hasScannedForEncodings = 0;
			knownRegions = (
				en,
				Base,
			);
			mainGroup = 8EFE7D842BE19B2B00628610;
			productRefGroup = 8EFE7D8E2BE19B2C00628610 /* Products */;
			projectDirPath = "";
			projectRoot = "";
			targets = (
				8EFE7D8C2BE19B2C00628610 /* OrderTogether */,
				8EFE7D9C2BE19B2E00628610 /* OrderTogetherTests */,
				8EFE7DA62BE19B2E00628610 /* OrderTogetherUITests */,
			);
		};
/* End PBXProject section */

/* Begin PBXResourcesBuildPhase section */
		8EFE7D8B2BE19B2C00628610 /* Resources */ = {
			isa = PBXResourcesBuildPhase;
			buildActionMask = 2147483647;
			files = (
				8EFE7D982BE19B2E00628610 /* Preview Assets.xcassets in Resources */,
				8EFE7D952BE19B2E00628610 /* Assets.xcassets in Resources */,
			);
			runOnlyForDeploymentPostprocessing = 0;
		};
		8EFE7D9B2BE19B2E00628610 /* Resources */ = {
			isa = PBXResourcesBuildPhase;
			buildActionMask = 2147483647;
			files = (
			);
			runOnlyForDeploymentPostprocessing = 0;
		};
		8EFE7DA52BE19B2E00628610 /* Resources */ = {
			isa = PBXResourcesBuildPhase;
			buildActionMask = 2147483647;
			files = (
			);
			runOnlyForDeploymentPostprocessing = 0;
		};
/* End PBXResourcesBuildPhase section */

/* Begin PBXSourcesBuildPhase section */
		8EFE7D892BE19B2C00628610 /* Sources */ = {
			isa = PBXSourcesBuildPhase;
			buildActionMask = 2147483647;
			files = (
				8EFE7D932BE19B2C00628610 /* ContentView.swift in Sources */,
				8EFE7D912BE19B2C00628610 /* OrderTogetherApp.swift in Sources */,
			);
			runOnlyForDeploymentPostprocessing = 0;
		};
		8EFE7D992BE19B2E00628610 /* Sources */ = {
			isa = PBXSourcesBuildPhase;
			buildActionMask = 2147483647;
			files = (
				8EFE7DA22BE19B2E00628610 /* OrderTogetherTests.swift in Sources */,
			);
			runOnlyForDeploymentPostprocessing = 0;
		};
		8EFE7DA32BE19B2E00628610 /* Sources */ = {
			isa = PBXSourcesBuildPhase;
			buildActionMask = 2147483647;
			files = (
				8EFE7DAC2BE19B2E00628610 /* OrderTogetherUITests.swift in Sources */,
				8EFE7DAE2BE19B2E00628610 /* OrderTogetherUITestsLaunchTests.swift in Sources */,
			);
			runOnlyForDeploymentPostprocessing = 0;
		};
/* End PBXSourcesBuildPhase section */

/* Begin PBXTargetDependency section */
		8EFE7D9F2BE19B2E00628610 /* PBXTargetDependency */ = {
			isa = PBXTargetDependency;
			target = 8EFE7D8C2BE19B2C00628610 /* OrderTogether */;
			targetProxy = 8EFE7D9E2BE19B2E00628610 /* PBXContainerItemProxy */;
		};
		8EFE7DA92BE19B2E00628610 /* PBXTargetDependency */ = {
			isa = PBXTargetDependency;
			target = 8EFE7D8C2BE19B2C00628610 /* OrderTogether */;
			targetProxy = 8EFE7DA82BE19B2E00628610 /* PBXContainerItemProxy */;
		};
/* End PBXTargetDependency section */

/* Begin XCBuildConfiguration section */
		8EFE7DAF2BE19B2E00628610 /* Debug */ = {
			isa = XCBuildConfiguration;
			buildSettings = {
				ALWAYS_SEARCH_USER_PATHS = NO;
				ASSETCATALOG_COMPILER_GENERATE_SWIFT_ASSET_SYMBOL_EXTENSIONS = YES;
				CLANG_ANALYZER_NONNULL = YES;
				CLANG_ANALYZER_NUMBER_OBJECT_CONVERSION = YES_AGGRESSIVE;
				CLANG_CXX_LANGUAGE_STANDARD = "gnu++20";
				CLANG_ENABLE_MODULES = YES;
				CLANG_ENABLE_OBJC_ARC = YES;
				CLANG_ENABLE_OBJC_WEAK = YES;
				CLANG_WARN_BLOCK_CAPTURE_AUTORELEASING = YES;
				CLANG_WARN_BOOL_CONVERSION = YES;
				CLANG_WARN_COMMA = YES;
				CLANG_WARN_CONSTANT_CONVERSION = YES;
				CLANG_WARN_DEPRECATED_OBJC_IMPLEMENTATIONS = YES;
				CLANG_WARN_DIRECT_OBJC_ISA_USAGE = YES_ERROR;
				CLANG_WARN_DOCUMENTATION_COMMENTS = YES;
				CLANG_WARN_EMPTY_BODY = YES;
				CLANG_WARN_ENUM_CONVERSION = YES;
				CLANG_WARN_INFINITE_RECURSION = YES;
				CLANG_WARN_INT_CONVERSION = YES;
				CLANG_WARN_NON_LITERAL_NULL_CONVERSION = YES;
				CLANG_WARN_OBJC_IMPLICIT_RETAIN_SELF = YES;
				CLANG_WARN_OBJC_LITERAL_CONVERSION = YES;
				CLANG_WARN_OBJC_ROOT_CLASS = YES_ERROR;
				CLANG_WARN_QUOTED_INCLUDE_IN_FRAMEWORK_HEADER = YES;
				CLANG_WARN_RANGE_LOOP_ANALYSIS = YES;
				CLANG_WARN_STRICT_PROTOTYPES = YES;
				CLANG_WARN_SUSPICIOUS_MOVE = YES;
				CLANG_WARN_UNGUARDED_AVAILABILITY = YES_AGGRESSIVE;
				CLANG_WARN_UNREACHABLE_CODE = YES;
				CLANG_WARN__DUPLICATE_METHOD_MATCH = YES;
				COPY_PHASE_STRIP = NO;
				DEBUG_INFORMATION_FORMAT = dwarf;
				ENABLE_STRICT_OBJC_MSGSEND = YES;
				ENABLE_TESTABILITY = YES;
				ENABLE_USER_SCRIPT_SANDBOXING = YES;
				GCC_C_LANGUAGE_STANDARD = gnu17;
				GCC_DYNAMIC_NO_PIC = NO;
				GCC_NO_COMMON_BLOCKS = YES;
				GCC_OPTIMIZATION_LEVEL = 0;
				GCC_PREPROCESSOR_DEFINITIONS = (
					"DEBUG=1",
					"$(inherited)",
				);
				GCC_WARN_64_TO_32_BIT_CONVERSION = YES;
				GCC_WARN_ABOUT_RETURN_TYPE = YES_ERROR;
				GCC_WARN_UNDECLARED_SELECTOR = YES;
				GCC_WARN_UNINITIALIZED_AUTOS = YES_AGGRESSIVE;
				GCC_WARN_UNUSED_FUNCTION = YES;
				GCC_WARN_UNUSED_VARIABLE = YES;
				IPHONEOS_DEPLOYMENT_TARGET = 17.2;
				LOCALIZATION_PREFERS_STRING_CATALOGS = YES;
				MTL_ENABLE_DEBUG_INFO = INCLUDE_SOURCE;
				MTL_FAST_MATH = YES;
				ONLY_ACTIVE_ARCH = YES;
				SDKROOT = iphoneos;
				SWIFT_ACTIVE_COMPILATION_CONDITIONS = "DEBUG $(inherited)";
				SWIFT_OPTIMIZATION_LEVEL = "-Onone";
			};
			name = Debug;
		};
		8EFE7DB02BE19B2E00628610 /* Release */ = {
			isa = XCBuildConfiguration;
			buildSettings = {
				ALWAYS_SEARCH_USER_PATHS = NO;
				ASSETCATALOG_COMPILER_GENERATE_SWIFT_ASSET_SYMBOL_EXTENSIONS = YES;
				CLANG_ANALYZER_NONNULL = YES;
				CLANG_ANALYZER_NUMBER_OBJECT_CONVERSION = YES_AGGRESSIVE;
				CLANG_CXX_LANGUAGE_STANDARD = "gnu++20";
				CLANG_ENABLE_MODULES = YES;
				CLANG_ENABLE_OBJC_ARC = YES;
				CLANG_ENABLE_OBJC_WEAK = YES;
				CLANG_WARN_BLOCK_CAPTURE_AUTORELEASING = YES;
				CLANG_WARN_BOOL_CONVERSION = YES;
				CLANG_WARN_COMMA = YES;
				CLANG_WARN_CONSTANT_CONVERSION = YES;
				CLANG_WARN_DEPRECATED_OBJC_IMPLEMENTATIONS = YES;
				CLANG_WARN_DIRECT_OBJC_ISA_USAGE = YES_ERROR;
				CLANG_WARN_DOCUMENTATION_COMMENTS = YES;
				CLANG_WARN_EMPTY_BODY = YES;
				CLANG_WARN_ENUM_CONVERSION = YES;
				CLANG_WARN_INFINITE_RECURSION = YES;
				CLANG_WARN_INT_CONVERSION = YES;
				CLANG_WARN_NON_LITERAL_NULL_CONVERSION = YES;
				CLANG_WARN_OBJC_IMPLICIT_RETAIN_SELF = YES;
				CLANG_WARN_OBJC_LITERAL_CONVERSION = YES;
				CLANG_WARN_OBJC_ROOT_CLASS = YES_ERROR;
				CLANG_WARN_QUOTED_INCLUDE_IN_FRAMEWORK_HEADER = YES;
				CLANG_WARN_RANGE_LOOP_ANALYSIS = YES;
				CLANG_WARN_STRICT_PROTOTYPES = YES;
				CLANG_WARN_SUSPICIOUS_MOVE = YES;
				CLANG_WARN_UNGUARDED_AVAILABILITY = YES_AGGRESSIVE;
				CLANG_WARN_UNREACHABLE_CODE = YES;
				CLANG_WARN__DUPLICATE_METHOD_MATCH = YES;
				COPY_PHASE_STRIP = NO;
				DEBUG_INFORMATION_FORMAT = "dwarf-with-dsym";
				ENABLE_NS_ASSERTIONS = NO;
				ENABLE_STRICT_OBJC_MSGSEND = YES;
				ENABLE_USER_SCRIPT_SANDBOXING = YES;
				GCC_C_LANGUAGE_STANDARD = gnu17;
				GCC_NO_COMMON_BLOCKS = YES;
				GCC_WARN_64_TO_32_BIT_CONVERSION = YES;
				GCC_WARN_ABOUT_RETURN_TYPE = YES_ERROR;
				GCC_WARN_UNDECLARED_SELECTOR = YES;
				GCC_WARN_UNINITIALIZED_AUTOS = YES_AGGRESSIVE;
				GCC_WARN_UNUSED_FUNCTION = YES;
				GCC_WARN_UNUSED_VARIABLE = YES;
				IPHONEOS_DEPLOYMENT_TARGET = 17.2;
				LOCALIZATION_PREFERS_STRING_CATALOGS = YES;
				MTL_ENABLE_DEBUG_INFO = NO;
				MTL_FAST_MATH = YES;
				SDKROOT = iphoneos;
				SWIFT_COMPILATION_MODE = wholemodule;
				VALIDATE_PRODUCT = YES;
			};
			name = Release;
		};
		8EFE7DB22BE19B2E00628610 /* Debug */ = {
			isa = XCBuildConfiguration;
			buildSettings = {
				ASSETCATALOG_COMPILER_APPICON_NAME = AppIcon;
				ASSETCATALOG_COMPILER_GLOBAL_ACCENT_COLOR_NAME = AccentColor;
				CODE_SIGN_STYLE = Automatic;
				CURRENT_PROJECT_VERSION = 1;
				DEVELOPMENT_ASSET_PATHS = "\"OrderTogether/Preview Content\"";
				DEVELOPMENT_TEAM = 29T8YL6VH9;
				ENABLE_PREVIEWS = YES;
				GENERATE_INFOPLIST_FILE = YES;
				INFOPLIST_KEY_UIApplicationSceneManifest_Generation = YES;
				INFOPLIST_KEY_UIApplicationSupportsIndirectInputEvents = YES;
				INFOPLIST_KEY_UILaunchScreen_Generation = YES;
				INFOPLIST_KEY_UISupportedInterfaceOrientations_iPad = "UIInterfaceOrientationPortrait UIInterfaceOrientationPortraitUpsideDown UIInterfaceOrientationLandscapeLeft UIInterfaceOrientationLandscapeRight";
				INFOPLIST_KEY_UISupportedInterfaceOrientations_iPhone = "UIInterfaceOrientationPortrait UIInterfaceOrientationLandscapeLeft UIInterfaceOrientationLandscapeRight";
				LD_RUNPATH_SEARCH_PATHS = (
					"$(inherited)",
					"@executable_path/Frameworks",
				);
				MARKETING_VERSION = 1.0;
				PRODUCT_BUNDLE_IDENTIFIER = com.cgvsolutions.OrderTogether;
				PRODUCT_NAME = "$(TARGET_NAME)";
				SWIFT_EMIT_LOC_STRINGS = YES;
				SWIFT_VERSION = 5.0;
				TARGETED_DEVICE_FAMILY = "1,2";
			};
			name = Debug;
		};
		8EFE7DB32BE19B2E00628610 /* Release */ = {
			isa = XCBuildConfiguration;
			buildSettings = {
				ASSETCATALOG_COMPILER_APPICON_NAME = AppIcon;
				ASSETCATALOG_COMPILER_GLOBAL_ACCENT_COLOR_NAME = AccentColor;
				CODE_SIGN_STYLE = Automatic;
				CURRENT_PROJECT_VERSION = 1;
				DEVELOPMENT_ASSET_PATHS = "\"OrderTogether/Preview Content\"";
				DEVELOPMENT_TEAM = 29T8YL6VH9;
				ENABLE_PREVIEWS = YES;
				GENERATE_INFOPLIST_FILE = YES;
				INFOPLIST_KEY_UIApplicationSceneManifest_Generation = YES;
				INFOPLIST_KEY_UIApplicationSupportsIndirectInputEvents = YES;
				INFOPLIST_KEY_UILaunchScreen_Generation = YES;
				INFOPLIST_KEY_UISupportedInterfaceOrientations_iPad = "UIInterfaceOrientationPortrait UIInterfaceOrientationPortraitUpsideDown UIInterfaceOrientationLandscapeLeft UIInterfaceOrientationLandscapeRight";
				INFOPLIST_KEY_UISupportedInterfaceOrientations_iPhone = "UIInterfaceOrientationPortrait UIInterfaceOrientationLandscapeLeft UIInterfaceOrientationLandscapeRight";
				LD_RUNPATH_SEARCH_PATHS = (
					"$(inherited)",
					"@executable_path/Frameworks",
				);
				MARKETING_VERSION = 1.0;
				PRODUCT_BUNDLE_IDENTIFIER = com.cgvsolutions.OrderTogether;
				PRODUCT_NAME = "$(TARGET_NAME)";
				SWIFT_EMIT_LOC_STRINGS = YES;
				SWIFT_VERSION = 5.0;
				TARGETED_DEVICE_FAMILY = "1,2";
			};
			name = Release;
		};
		8EFE7DB52BE19B2E00628610 /* Debug */ = {
			isa = XCBuildConfiguration;
			buildSettings = {
				ALWAYS_EMBED_SWIFT_STANDARD_LIBRARIES = YES;
				BUNDLE_LOADER = "$(TEST_HOST)";
				CODE_SIGN_STYLE = Automatic;
				CURRENT_PROJECT_VERSION = 1;
				DEVELOPMENT_TEAM = 29T8YL6VH9;
				GENERATE_INFOPLIST_FILE = YES;
				IPHONEOS_DEPLOYMENT_TARGET = 17.2;
				MARKETING_VERSION = 1.0;
				PRODUCT_BUNDLE_IDENTIFIER = com.cgvsolutions.OrderTogetherTests;
				PRODUCT_NAME = "$(TARGET_NAME)";
				SWIFT_EMIT_LOC_STRINGS = NO;
				SWIFT_VERSION = 5.0;
				TARGETED_DEVICE_FAMILY = "1,2";
				TEST_HOST = "$(BUILT_PRODUCTS_DIR)/OrderTogether.app/$(BUNDLE_EXECUTABLE_FOLDER_PATH)/OrderTogether";
			};
			name = Debug;
		};
		8EFE7DB62BE19B2E00628610 /* Release */ = {
			isa = XCBuildConfiguration;
			buildSettings = {
				ALWAYS_EMBED_SWIFT_STANDARD_LIBRARIES = YES;
				BUNDLE_LOADER = "$(TEST_HOST)";
				CODE_SIGN_STYLE = Automatic;
				CURRENT_PROJECT_VERSION = 1;
				DEVELOPMENT_TEAM = 29T8YL6VH9;
				GENERATE_INFOPLIST_FILE = YES;
				IPHONEOS_DEPLOYMENT_TARGET = 17.2;
				MARKETING_VERSION = 1.0;
				PRODUCT_BUNDLE_IDENTIFIER = com.cgvsolutions.OrderTogetherTests;
				PRODUCT_NAME = "$(TARGET_NAME)";
				SWIFT_EMIT_LOC_STRINGS = NO;
				SWIFT_VERSION = 5.0;
				TARGETED_DEVICE_FAMILY = "1,2";
				TEST_HOST = "$(BUILT_PRODUCTS_DIR)/OrderTogether.app/$(BUNDLE_EXECUTABLE_FOLDER_PATH)/OrderTogether";
			};
			name = Release;
		};
		8EFE7DB82BE19B2E00628610 /* Debug */ = {
			isa = XCBuildConfiguration;
			buildSettings = {
				ALWAYS_EMBED_SWIFT_STANDARD_LIBRARIES = YES;
				CODE_SIGN_STYLE = Automatic;
				CURRENT_PROJECT_VERSION = 1;
				DEVELOPMENT_TEAM = 29T8YL6VH9;
				GENERATE_INFOPLIST_FILE = YES;
				MARKETING_VERSION = 1.0;
				PRODUCT_BUNDLE_IDENTIFIER = com.cgvsolutions.OrderTogetherUITests;
				PRODUCT_NAME = "$(TARGET_NAME)";
				SWIFT_EMIT_LOC_STRINGS = NO;
				SWIFT_VERSION = 5.0;
				TARGETED_DEVICE_FAMILY = "1,2";
				TEST_TARGET_NAME = OrderTogether;
			};
			name = Debug;
		};
		8EFE7DB92BE19B2E00628610 /* Release */ = {
			isa = XCBuildConfiguration;
			buildSettings = {
				ALWAYS_EMBED_SWIFT_STANDARD_LIBRARIES = YES;
				CODE_SIGN_STYLE = Automatic;
				CURRENT_PROJECT_VERSION = 1;
				DEVELOPMENT_TEAM = 29T8YL6VH9;
				GENERATE_INFOPLIST_FILE = YES;
				MARKETING_VERSION = 1.0;
				PRODUCT_BUNDLE_IDENTIFIER = com.cgvsolutions.OrderTogetherUITests;
				PRODUCT_NAME = "$(TARGET_NAME)";
				SWIFT_EMIT_LOC_STRINGS = NO;
				SWIFT_VERSION = 5.0;
				TARGETED_DEVICE_FAMILY = "1,2";
				TEST_TARGET_NAME = OrderTogether;
			};
			name = Release;
		};
/* End XCBuildConfiguration section */

/* Begin XCConfigurationList section */
		8EFE7D882BE19B2B00628610 /* Build configuration list for PBXProject "OrderTogether" */ = {
			isa = XCConfigurationList;
			buildConfigurations = (
				8EFE7DAF2BE19B2E00628610 /* Debug */,
				8EFE7DB02BE19B2E00628610 /* Release */,
			);
			defaultConfigurationIsVisible = 0;
			defaultConfigurationName = Release;
		};
		8EFE7DB12BE19B2E00628610 /* Build configuration list for PBXNativeTarget "OrderTogether" */ = {
			isa = XCConfigurationList;
			buildConfigurations = (
				8EFE7DB22BE19B2E00628610 /* Debug */,
				8EFE7DB32BE19B2E00628610 /* Release */,
			);
			defaultConfigurationIsVisible = 0;
			defaultConfigurationName = Release;
		};
		8EFE7DB42BE19B2E00628610 /* Build configuration list for PBXNativeTarget "OrderTogetherTests" */ = {
			isa = XCConfigurationList;
			buildConfigurations = (
				8EFE7DB52BE19B2E00628610 /* Debug */,
				8EFE7DB62BE19B2E00628610 /* Release */,
			);
			defaultConfigurationIsVisible = 0;
			defaultConfigurationName = Release;
		};
		8EFE7DB72BE19B2E00628610 /* Build configuration list for PBXNativeTarget "OrderTogetherUITests" */ = {
			isa = XCConfigurationList;
			buildConfigurations = (
				8EFE7DB82BE19B2E00628610 /* Debug */,
				8EFE7DB92BE19B2E00628610 /* Release */,
			);
			defaultConfigurationIsVisible = 0;
			defaultConfigurationName = Release;
		};
/* End XCConfigurationList section */
	};
	rootObject = 8EFE7D852BE19B2B00628610 /* Project object */;
}
